
Microsoft Visual Studio Solution File, Format Version 11.00
# Visual Studio 2010
Project("{F184B08F-C81C-45F6-A57F-5ABD9991F28F}") = "ClipZap", "ClipZap.vbproj", "{FE2F6584-53A1-4370-9CC8-A6AF13BFD0EF}"
EndProject
Project("{FAE04EC0-301F-11D3-BF4B-00C04F79EFBC}") = "ManoliFormat", "ManoliFormat\ManoliFormat.csproj", "{48400779-1945-46E4-ACE0-5E8D957196E2}"
EndProject
Global
	GlobalSection(SolutionConfigurationPlatforms) = preSolution
		Debug|Any CPU = Debug|Any CPU
		Release|Any CPU = Release|Any CPU
	EndGlobalSection
	GlobalSection(ProjectConfigurationPlatforms) = postSolution
		{FE2F6584-53A1-4370-9CC8-A6AF13BFD0EF}.Debug|Any CPU.ActiveCfg = Debug|Any CPU
		{FE2F6584-53A1-4370-9CC8-A6AF13BFD0EF}.Debug|Any CPU.Build.0 = Debug|Any CPU
		{FE2F6584-53A1-4370-9CC8-A6AF13BFD0EF}.Release|Any CPU.ActiveCfg = Release|Any CPU
		{FE2F6584-53A1-4370-9CC8-A6AF13BFD0EF}.Release|Any CPU.Build.0 = Release|Any CPU
		{48400779-1945-46E4-ACE0-5E8D957196E2}.Debug|Any CPU.ActiveCfg = Debug|Any CPU
		{48400779-1945-46E4-ACE0-5E8D957196E2}.Debug|Any CPU.Build.0 = Debug|Any CPU
		{48400779-1945-46E4-ACE0-5E8D957196E2}.Release|Any CPU.ActiveCfg = Release|Any CPU
		{48400779-1945-46E4-ACE0-5E8D957196E2}.Release|Any CPU.Build.0 = Release|Any CPU
	EndGlobalSection
	GlobalSection(SolutionProperties) = preSolution
		HideSolutionNode = FALSE
	EndGlobalSection
EndGlobal
